{
  "originHash" : "91a49d5c6f35946d3dcc0435811ced2c13ce70667c599244a6cf9a0f8c0c960a",
  "pins" : [
    {
      "identity" : "swift-case-paths",
      "kind" : "remoteSourceControl",
      "location" : "https://github.com/pointfreeco/swift-case-paths",
      "state" : {
        "revision" : "6989976265be3f8d2b5802c722f9ba168e227c71",
        "version" : "1.7.2"
      }
    },
    {
      "identity" : "swift-nonempty",
      "kind" : "remoteSourceControl",
      "location" : "https://github.com/pointfreeco/swift-nonempty",
      "state" : {
        "revision" : "1fd3f067ebc3900d200aa7e977fdb614cc5533bc",
        "version" : "0.5.0"
      }
    },
    {
      "identity" : "swift-parsing",
      "kind" : "remoteSourceControl",
      "location" : "https://github.com/pointfreeco/swift-parsing",
      "state" : {
        "revision" : "3432cb81164dd3d69a75d0d63205be5fbae2c34b",
        "version" : "0.14.1"
      }
    },
    {
      "identity" : "swift-syntax",
      "kind" : "remoteSourceControl",
      "location" : "https://github.com/swiftlang/swift-syntax",
      "state" : {
        "revision" : "4799286537280063c85a32f09884cfbca301b1a1",
        "version" : "602.0.0"
      }
    },
    {
      "identity" : "xctest-dynamic-overlay",
      "kind" : "remoteSourceControl",
      "location" : "https://github.com/pointfreeco/xctest-dynamic-overlay",
      "state" : {
        "revision" : "34e463e98ab8541c604af706c99bed7160f5ec70",
        "version" : "1.8.1"
      }
    }
  ],
  "version" : 3
}
